
Microsoft Visual Studio Solution File, Format Version 12.00
# Visual Studio 15
VisualStudioVersion = 15.0.28010.2019
MinimumVisualStudioVersion = 10.0.40219.1
Project("{FAE04EC0-301F-11D3-BF4B-00C04F79EFBC}") = "WardrobeMVC", "WardrobeMVC\WardrobeMVC.csproj", "{97655A67-1457-47D4-9C1A-9B98AB81C2A8}"
EndProject
Global
	GlobalSection(SolutionConfigurationPlatforms) = preSolution
		Debug|Any CPU = Debug|Any CPU
		Release|Any CPU = Release|Any CPU
	EndGlobalSection
	GlobalSection(ProjectConfigurationPlatforms) = postSolution
		{97655A67-1457-47D4-9C1A-9B98AB81C2A8}.Debug|Any CPU.ActiveCfg = Debug|Any CPU
		{97655A67-1457-47D4-9C1A-9B98AB81C2A8}.Debug|Any CPU.Build.0 = Debug|Any CPU
		{97655A67-1457-47D4-9C1A-9B98AB81C2A8}.Release|Any CPU.ActiveCfg = Release|Any CPU
		{97655A67-1457-47D4-9C1A-9B98AB81C2A8}.Release|Any CPU.Build.0 = Release|Any CPU
	EndGlobalSection
	GlobalSection(SolutionProperties) = preSolution
		HideSolutionNode = FALSE
	EndGlobalSection
	GlobalSection(ExtensibilityGlobals) = postSolution
		SolutionGuid = {83D6A93F-46FC-43DB-A056-52143EB7E9AD}
	EndGlobalSection
EndGlobal
